
Microsoft Visual Studio Solution File, Format Version 12.00
Project("{2150E333-8FDC-42A3-9474-1A3956D46DE8}") = "src", "src", "{BB16DAE5-4D46-459C-A987-B7FDF92CDC63}"
EndProject
Project("{FAE04EC0-301F-11D3-BF4B-00C04F79EFBC}") = "PTQ.Api", "PTQ.Api\PTQ.Api.csproj", "{2C42C417-731F-470A-A055-B8AC5EB83F8A}"
EndProject
Project("{FAE04EC0-301F-11D3-BF4B-00C04F79EFBC}") = "PTQ.Models", "PTQ.Models\PTQ.Models.csproj", "{B958D52B-22C8-48BC-962C-9BEBE3B97120}"
EndProject
Project("{FAE04EC0-301F-11D3-BF4B-00C04F79EFBC}") = "PTQ.Repositories", "PTQ.Repositories\PTQ.Repositories.csproj", "{298BD125-EBAF-4561-A5F6-5E6F9DB5DFA9}"
EndProject
Project("{FAE04EC0-301F-11D3-BF4B-00C04F79EFBC}") = "PTQ.Application", "PTQ.Application\PTQ.Application.csproj", "{CBA9A41D-1895-48A2-A6A6-2ED6A1B21654}"
EndProject
Global
	GlobalSection(SolutionConfigurationPlatforms) = preSolution
		Debug|Any CPU = Debug|Any CPU
		Release|Any CPU = Release|Any CPU
	EndGlobalSection
	GlobalSection(NestedProjects) = preSolution
		{2C42C417-731F-470A-A055-B8AC5EB83F8A} = {BB16DAE5-4D46-459C-A987-B7FDF92CDC63}
		{B958D52B-22C8-48BC-962C-9BEBE3B97120} = {BB16DAE5-4D46-459C-A987-B7FDF92CDC63}
		{298BD125-EBAF-4561-A5F6-5E6F9DB5DFA9} = {BB16DAE5-4D46-459C-A987-B7FDF92CDC63}
		{CBA9A41D-1895-48A2-A6A6-2ED6A1B21654} = {BB16DAE5-4D46-459C-A987-B7FDF92CDC63}
	EndGlobalSection
	GlobalSection(ProjectConfigurationPlatforms) = postSolution
		{2C42C417-731F-470A-A055-B8AC5EB83F8A}.Debug|Any CPU.ActiveCfg = Debug|Any CPU
		{2C42C417-731F-470A-A055-B8AC5EB83F8A}.Debug|Any CPU.Build.0 = Debug|Any CPU
		{2C42C417-731F-470A-A055-B8AC5EB83F8A}.Release|Any CPU.ActiveCfg = Release|Any CPU
		{2C42C417-731F-470A-A055-B8AC5EB83F8A}.Release|Any CPU.Build.0 = Release|Any CPU
		{B958D52B-22C8-48BC-962C-9BEBE3B97120}.Debug|Any CPU.ActiveCfg = Debug|Any CPU
		{B958D52B-22C8-48BC-962C-9BEBE3B97120}.Debug|Any CPU.Build.0 = Debug|Any CPU
		{B958D52B-22C8-48BC-962C-9BEBE3B97120}.Release|Any CPU.ActiveCfg = Release|Any CPU
		{B958D52B-22C8-48BC-962C-9BEBE3B97120}.Release|Any CPU.Build.0 = Release|Any CPU
		{298BD125-EBAF-4561-A5F6-5E6F9DB5DFA9}.Debug|Any CPU.ActiveCfg = Debug|Any CPU
		{298BD125-EBAF-4561-A5F6-5E6F9DB5DFA9}.Debug|Any CPU.Build.0 = Debug|Any CPU
		{298BD125-EBAF-4561-A5F6-5E6F9DB5DFA9}.Release|Any CPU.ActiveCfg = Release|Any CPU
		{298BD125-EBAF-4561-A5F6-5E6F9DB5DFA9}.Release|Any CPU.Build.0 = Release|Any CPU
		{CBA9A41D-1895-48A2-A6A6-2ED6A1B21654}.Debug|Any CPU.ActiveCfg = Debug|Any CPU
		{CBA9A41D-1895-48A2-A6A6-2ED6A1B21654}.Debug|Any CPU.Build.0 = Debug|Any CPU
		{CBA9A41D-1895-48A2-A6A6-2ED6A1B21654}.Release|Any CPU.ActiveCfg = Release|Any CPU
		{CBA9A41D-1895-48A2-A6A6-2ED6A1B21654}.Release|Any CPU.Build.0 = Release|Any CPU
	EndGlobalSection
EndGlobal
